
Microsoft Visual Studio Solution File, Format Version 12.00
# Visual Studio Version 16
VisualStudioVersion = 16.0.32228.343
MinimumVisualStudioVersion = 10.0.40219.1
Project("{FAE04EC0-301F-11D3-BF4B-00C04F79EFBC}") = "functies return", "functies return\functies return.csproj", "{50BE7552-F162-4714-9A98-EBE4E4EF919C}"
EndProject
Global
	GlobalSection(SolutionConfigurationPlatforms) = preSolution
		Debug|Any CPU = Debug|Any CPU
		Release|Any CPU = Release|Any CPU
	EndGlobalSection
	GlobalSection(ProjectConfigurationPlatforms) = postSolution
		{50BE7552-F162-4714-9A98-EBE4E4EF919C}.Debug|Any CPU.ActiveCfg = Debug|Any CPU
		{50BE7552-F162-4714-9A98-EBE4E4EF919C}.Debug|Any CPU.Build.0 = Debug|Any CPU
		{50BE7552-F162-4714-9A98-EBE4E4EF919C}.Release|Any CPU.ActiveCfg = Release|Any CPU
		{50BE7552-F162-4714-9A98-EBE4E4EF919C}.Release|Any CPU.Build.0 = Release|Any CPU
	EndGlobalSection
	GlobalSection(SolutionProperties) = preSolution
		HideSolutionNode = FALSE
	EndGlobalSection
	GlobalSection(ExtensibilityGlobals) = postSolution
		SolutionGuid = {B963A9A0-D79A-471D-91BF-9628A65C2AD2}
	EndGlobalSection
EndGlobal
