
Microsoft Visual Studio Solution File, Format Version 12.00
# Visual Studio Version 16
VisualStudioVersion = 16.0.32228.343
MinimumVisualStudioVersion = 10.0.40219.1
Project("{FAE04EC0-301F-11D3-BF4B-00C04F79EFBC}") = "Getters-Setters", "Getters-Setters\Getters-Setters.csproj", "{F26120FC-C2A5-44E5-A654-18049495B88C}"
EndProject
Global
	GlobalSection(SolutionConfigurationPlatforms) = preSolution
		Debug|Any CPU = Debug|Any CPU
		Release|Any CPU = Release|Any CPU
	EndGlobalSection
	GlobalSection(ProjectConfigurationPlatforms) = postSolution
		{F26120FC-C2A5-44E5-A654-18049495B88C}.Debug|Any CPU.ActiveCfg = Debug|Any CPU
		{F26120FC-C2A5-44E5-A654-18049495B88C}.Debug|Any CPU.Build.0 = Debug|Any CPU
		{F26120FC-C2A5-44E5-A654-18049495B88C}.Release|Any CPU.ActiveCfg = Release|Any CPU
		{F26120FC-C2A5-44E5-A654-18049495B88C}.Release|Any CPU.Build.0 = Release|Any CPU
	EndGlobalSection
	GlobalSection(SolutionProperties) = preSolution
		HideSolutionNode = FALSE
	EndGlobalSection
	GlobalSection(ExtensibilityGlobals) = postSolution
		SolutionGuid = {87FD05FF-2822-4C26-8368-E14C0F65586C}
	EndGlobalSection
EndGlobal
